// !$*UTF8*$!
{
	archiveVersion = 1;
	classes = {
	};
	objectVersion = 46;
	objects = {

/* Begin PBXBuildFile section */
		D25EC81518506CFF008849CD /* main.cpp in Sources */ = {isa = PBXBuildFile; fileRef = D25EC81418506CFF008849CD /* main.cpp */; };
		D25EC81718506CFF008849CD /* SRM596_DIV2.1 in CopyFiles */ = {isa = PBXBuildFile; fileRef = D25EC81618506CFF008849CD /* SRM596_DIV2.1 */; };
/* End PBXBuildFile section */

/* Begin PBXCopyFilesBuildPhase section */
		D25EC80E18506CFF008849CD /* CopyFiles */ = {
			isa = PBXCopyFilesBuildPhase;
			buildActionMask = 2147483647;
			dstPath = /usr/share/man/man1/;
			dstSubfolderSpec = 0;
			files = (
				D25EC81718506CFF008849CD /* SRM596_DIV2.1 in CopyFiles */,
			);
			runOnlyForDeploymentPostprocessing = 1;
		};
/* End PBXCopyFilesBuildPhase section */

/* Begin PBXFileReference section */
		D25EC81018506CFF008849CD /* SRM596_DIV2 */ = {isa = PBXFileReference; explicitFileType = "compiled.mach-o.executable"; includeInIndex = 0; path = SRM596_DIV2; sourceTree = BUILT_PRODUCTS_DIR; };
		D25EC81418506CFF008849CD /* main.cpp */ = {isa = PBXFileReference; lastKnownFileType = sourcecode.cpp.cpp; path = main.cpp; sourceTree = "<group>"; };
		D25EC81618506CFF008849CD /* SRM596_DIV2.1 */ = {isa = PBXFileReference; lastKnownFileType = text.man; path = SRM596_DIV2.1; sourceTree = "<group>"; };
/* End PBXFileReference section */

/* Begin PBXFrameworksBuildPhase section */
		D25EC80D18506CFF008849CD /* Frameworks */ = {
			isa = PBXFrameworksBuildPhase;
			buildActionMask = 2147483647;
			files = (
			);
			runOnlyForDeploymentPostprocessing = 0;
		};
/* End PBXFrameworksBuildPhase section */

/* Begin PBXGroup section */
		D25EC80518506CFF008849CD = {
			isa = PBXGroup;
			children = (
				D25EC81318506CFF008849CD /* SRM596_DIV2 */,
				D25EC81118506CFF008849CD /* Products */,
			);
			sourceTree = "<group>";
		};
		D25EC81118506CFF008849CD /* Products */ = {
			isa = PBXGroup;
			children = (
				D25EC81018506CFF008849CD /* SRM596_DIV2 */,
			);
			name = Products;
			sourceTree = "<group>";
		};
		D25EC81318506CFF008849CD /* SRM596_DIV2 */ = {
			isa = PBXGroup;
			children = (
				D25EC81418506CFF008849CD /* main.cpp */,
				D25EC81618506CFF008849CD /* SRM596_DIV2.1 */,
			);
			path = SRM596_DIV2;
			sourceTree = "<group>";
		};
/* End PBXGroup section */

/* Begin PBXNativeTarget section */
		D25EC80F18506CFF008849CD /* SRM596_DIV2 */ = {
			isa = PBXNativeTarget;
			buildConfigurationList = D25EC81A18506CFF008849CD /* Build configuration list for PBXNativeTarget "SRM596_DIV2" */;
			buildPhases = (
				D25EC80C18506CFF008849CD /* Sources */,
				D25EC80D18506CFF008849CD /* Frameworks */,
				D25EC80E18506CFF008849CD /* CopyFiles */,
			);
			buildRules = (
			);
			dependencies = (
			);
			name = SRM596_DIV2;
			productName = SRM596_DIV2;
			productReference = D25EC81018506CFF008849CD /* SRM596_DIV2 */;
			productType = "com.apple.product-type.tool";
		};
/* End PBXNativeTarget section */

/* Begin PBXProject section */
		D25EC80718506CFF008849CD /* Project object */ = {
			isa = PBXProject;
			attributes = {
				LastUpgradeCheck = 0430;
			};
			buildConfigurationList = D25EC80A18506CFF008849CD /* Build configuration list for PBXProject "SRM596_DIV2" */;
			compatibilityVersion = "Xcode 3.2";
			developmentRegion = English;
			hasScannedForEncodings = 0;
			knownRegions = (
				en,
			);
			mainGroup = D25EC80518506CFF008849CD;
			productRefGroup = D25EC81118506CFF008849CD /* Products */;
			projectDirPath = "";
			projectRoot = "";
			targets = (
				D25EC80F18506CFF008849CD /* SRM596_DIV2 */,
			);
		};
/* End PBXProject section */

/* Begin PBXSourcesBuildPhase section */
		D25EC80C18506CFF008849CD /* Sources */ = {
			isa = PBXSourcesBuildPhase;
			buildActionMask = 2147483647;
			files = (
				D25EC81518506CFF008849CD /* main.cpp in Sources */,
			);
			runOnlyForDeploymentPostprocessing = 0;
		};
/* End PBXSourcesBuildPhase section */

/* Begin XCBuildConfiguration section */
		D25EC81818506CFF008849CD /* Debug */ = {
			isa = XCBuildConfiguration;
			buildSettings = {
				ALWAYS_SEARCH_USER_PATHS = NO;
				ARCHS = "$(ARCHS_STANDARD_64_BIT)";
				COPY_PHASE_STRIP = NO;
				GCC_C_LANGUAGE_STANDARD = gnu99;
				GCC_DYNAMIC_NO_PIC = NO;
				GCC_ENABLE_OBJC_EXCEPTIONS = YES;
				GCC_OPTIMIZATION_LEVEL = 0;
				GCC_PREPROCESSOR_DEFINITIONS = (
					"DEBUG=1",
					"$(inherited)",
				);
				GCC_SYMBOLS_PRIVATE_EXTERN = NO;
				GCC_VERSION = com.apple.compilers.llvm.clang.1_0;
				GCC_WARN_64_TO_32_BIT_CONVERSION = YES;
				GCC_WARN_ABOUT_RETURN_TYPE = YES;
				GCC_WARN_UNINITIALIZED_AUTOS = YES;
				GCC_WARN_UNUSED_VARIABLE = YES;
				MACOSX_DEPLOYMENT_TARGET = 10.7;
				ONLY_ACTIVE_ARCH = YES;
				SDKROOT = macosx;
			};
			name = Debug;
		};
		D25EC81918506CFF008849CD /* Release */ = {
			isa = XCBuildConfiguration;
			buildSettings = {
				ALWAYS_SEARCH_USER_PATHS = NO;
				ARCHS = "$(ARCHS_STANDARD_64_BIT)";
				COPY_PHASE_STRIP = YES;
				DEBUG_INFORMATION_FORMAT = "dwarf-with-dsym";
				GCC_C_LANGUAGE_STANDARD = gnu99;
				GCC_ENABLE_OBJC_EXCEPTIONS = YES;
				GCC_VERSION = com.apple.compilers.llvm.clang.1_0;
				GCC_WARN_64_TO_32_BIT_CONVERSION = YES;
				GCC_WARN_ABOUT_RETURN_TYPE = YES;
				GCC_WARN_UNINITIALIZED_AUTOS = YES;
				GCC_WARN_UNUSED_VARIABLE = YES;
				MACOSX_DEPLOYMENT_TARGET = 10.7;
				SDKROOT = macosx;
			};
			name = Release;
		};
		D25EC81B18506CFF008849CD /* Debug */ = {
			isa = XCBuildConfiguration;
			buildSettings = {
				PRODUCT_NAME = "$(TARGET_NAME)";
			};
			name = Debug;
		};
		D25EC81C18506CFF008849CD /* Release */ = {
			isa = XCBuildConfiguration;
			buildSettings = {
				PRODUCT_NAME = "$(TARGET_NAME)";
			};
			name = Release;
		};
/* End XCBuildConfiguration section */

/* Begin XCConfigurationList section */
		D25EC80A18506CFF008849CD /* Build configuration list for PBXProject "SRM596_DIV2" */ = {
			isa = XCConfigurationList;
			buildConfigurations = (
				D25EC81818506CFF008849CD /* Debug */,
				D25EC81918506CFF008849CD /* Release */,
			);
			defaultConfigurationIsVisible = 0;
			defaultConfigurationName = Release;
		};
		D25EC81A18506CFF008849CD /* Build configuration list for PBXNativeTarget "SRM596_DIV2" */ = {
			isa = XCConfigurationList;
			buildConfigurations = (
				D25EC81B18506CFF008849CD /* Debug */,
				D25EC81C18506CFF008849CD /* Release */,
			);
			defaultConfigurationIsVisible = 0;
		};
/* End XCConfigurationList section */
	};
	rootObject = D25EC80718506CFF008849CD /* Project object */;
}
